lockfileVersion: '9.0'

settings:
  autoInstallPeers: true
  excludeLinksFromLockfile: false

importers:

  .:
    devDependencies:
      vitepress:
        specifier: ^1.3.4
        version: 1.3.4(@algolia/client-search@4.27.0)(postcss@8.5.15)(search-insights@2.17.3)

packages:

  '@algolia/autocomplete-core@1.9.3':
    resolution: {integrity: sha512-009HdfugtGCdC4JdXUbVJClA0q0zh24yyePn+KUGk3rP7j8FEe/m5Yo/z65gn6nP/cM39PxpzqKrL7A6fP6PPw==}

  '@algolia/autocomplete-plugin-algolia-insights@1.9.3':
    resolution: {integrity: sha512-a/yTUkcO/Vyy+JffmAnTWbr4/90cLzw+CC3bRbhnULr/EM0fGNvM13oQQ14f2moLMcVDyAx/leczLlAOovhSZg==}
    peerDependencies:
      search-insights: '>= 1 < 3'

  '@algolia/autocomplete-preset-algolia@1.9.3':
    resolution: {integrity: sha512-d4qlt6YmrLMYy95n5TB52wtNDr6EgAIPH81dvvvW8UmuWRgxEtY0NJiPwl/h95JtG2vmRM804M0DSwMCNZlzRA==}
    peerDependencies:
      '@algolia/client-search': '>= 4.9.1 < 6'
      algoliasearch: '>= 4.9.1 < 6'

  '@algolia/autocomplete-shared@1.9.3':
    resolution: {integrity: sha512-Wnm9E4Ye6Rl6sTTqjoymD+l8DjSTHsHboVRYrKgEt8Q7UHm9nYbqhN/i0fhUYA3OAEH7WA8x3jfpnmJm3rKvaQ==}
    peerDependencies:
      '@algolia/client-search': '>= 4.9.1 < 6'
      algoliasearch: '>= 4.9.1 < 6'

  '@algolia/cache-browser-local-storage@4.27.0':
    resolution: {integrity: sha512-YGog2s57sO20lvpa+hv5XLAAmiTI1kHsCMRtPVfiaOdIQnvRla21lfH08onqEbZihOPVI8GULwt79zQB2ymKzg==}

  '@algolia/cache-common@4.27.0':
    resolution: {integrity: sha512-Sr8zjNXj82p6lO4W9CdzfF0m0/9h/H6VAdSHOTtimm/cTzXIYXRI2IZq7+Nt2ljJ7Ukx+7dIFcxQjE57eQSPsw==}

  '@algolia/cache-in-memory@4.27.0':
    resolution: {integrity: sha512-abgMRTcVD0IllNvMM9JFhxtyLn1v6Ey7mQ7+BGS3JCzvkCX7KZqlS0BIuVUDgx9sPIfOeNsG/awGzMmP50TwZw==}

  '@algolia/client-account@4.27.0':
    resolution: {integrity: sha512-sSHxwrKTKJrwfoR/LcQJZfmiWJcM5d9Rp7afMChxOcdGdkSdIwrNBC8SCcHRenA3GsZ6mg+j6px7KWYxJ34btA==}

  '@algolia/client-analytics@4.27.0':
    resolution: {integrity: sha512-MqIDyxODljn9ZC4oqjQD0kez2a4zjIJ9ywA/b7cIiUiK/tDjZNTVjYd9WXMKQlXnWUwfrfXJZClVVqN1iCXS+Q==}

  '@algolia/client-common@4.27.0':
    resolution: {integrity: sha512-ZrT6l/YPQgyIUuBCxcYPeXol2VBLUMuNb1rKXrm6z1f/iTiwqtnEEb16/6CC11+Re0ZGXrdcMVrgDRrzveQ1aQ==}

  '@algolia/client-personalization@4.27.0':
    resolution: {integrity: sha512-OZqaFFVm+10hAlmxpiTWi/o2n+YKBESbSqSy2yXAumPH/kaK4moJHFblbh8IkV3KZR0lLm4hzPtn8Q2nWNiDUA==}

  '@algolia/client-search@4.27.0':
    resolution: {integrity: sha512-qmX/f67ay0eZ4V5Io8fWWOcUVo/gqre2yei1PnmEhQU2Gul6ushg25QnNrfu4BODiRrw1rwYveZaLCiHvcUxrQ==}

  '@algolia/logger-common@4.27.0':
    resolution: {integrity: sha512-pIrmQRXtDV+zTMVXKtKCosC2rWhn0F0TdUeb9etA6RiAz6jY6bY6f0+JX7YekDK09SnmZMLIyUa7Jci+Ied9bw==}

  '@algolia/logger-console@4.27.0':
    resolution: {integrity: sha512-UWvta8BxsR/u5z9eI088mOSLQaGtmoCtXeN3DYJurlxAdJwPuKtEb5+433kxA6/E9f2/JgoW89KZ1vNP9pcHBQ==}

  '@algolia/recommend@4.27.0':
    resolution: {integrity: sha512-CFy54xDjrsazPi3KN04yPmLRDT72AKokc3RLOdWQvG0/uEUjj7dhWqe9qenxpL4ydsjO7S1eY5YqmX+uMGonlg==}

  '@algolia/requester-browser-xhr@4.27.0':
    resolution: {integrity: sha512-dTenMBIIpyp5o3C2ZnfbsuSlD/lL9jPkk6T+2+qm38fyw2nf49ANbcHFE79NgiGrnmw7QrYveCs9NIP3Wk4v6g==}

  '@algolia/requester-common@4.27.0':
    resolution: {integrity: sha512-VC3prAQVgWTubMStb3mJz6i61Hqbtagi2LeIbgNtoFJFff3XZDcAaO1D5r0GYl2+DrB2VzUHnQXbkiuI+HHYyg==}

  '@algolia/requester-node-http@4.27.0':
    resolution: {integrity: sha512-y8nUqaUQeSOQ5oaNo0b2QPznyBFW9LoIwljyUphJ+gUZpU6O/j2/C8ovoqDpIe6J0etqHg5RCcBizrCFZuLpyw==}

  '@algolia/transporter@4.27.0':
    resolution: {integrity: sha512-PvSbELU4VjN3xSX79ki+zIdOGhTxyJXWvRDzkUjfTx2iNfPWDdTjzKbP1o+268coJztxrkuBwJz90Urek7o1Kw==}

  '@babel/helper-string-parser@7.29.7':
    resolution: {integrity: sha512-Pb5ijPrZ89GDH8223L4UP8i6QApWxs04RbPQJTeWDV0/keR2E36MeKnyr6LYmUUvqRRI+Iv87SuF1W6ErINzYw==}
    engines: {node: '>=6.9.0'}

  '@babel/helper-validator-identifier@7.29.7':
    resolution: {integrity: sha512-qehxGkRj55h/ff8EMaJ+cYhyaKlHIxqYDn682wQD7RNp9UujOQsHog2uS0r2vzr4pW+sXf90NeeayjcNaX3fFg==}
    engines: {node: '>=6.9.0'}

  '@babel/parser@7.29.7':
    resolution: {integrity: sha512-hnORnjP/1P/zFEndoeX+n+t1RwWRJiJpM/jO7FW32Kn9r5+sJB2JWOdYo4L6k78j15eCwY3Gm/7364B1EMwtNg==}
    engines: {node: '>=6.0.0'}
    hasBin: true

  '@babel/types@7.29.7':
    resolution: {integrity: sha512-4zBIxpPzowiZpusoFkyGVwakdRJUyuH5PxQ/PrqghfdFWWasvnCdPfQXHrenDai+gyLARulZjZowCOj6fjT4pA==}
    engines: {node: '>=6.9.0'}

  '@docsearch/css@3.6.1':
    resolution: {integrity: sha512-VtVb5DS+0hRIprU2CO6ZQjK2Zg4QU5HrDM1+ix6rT0umsYvFvatMAnf97NHZlVWDaaLlx7GRfR/7FikANiM2Fg==}

  '@docsearch/js@3.6.1':
    resolution: {integrity: sha512-erI3RRZurDr1xES5hvYJ3Imp7jtrXj6f1xYIzDzxiS7nNBufYWPbJwrmMqWC5g9y165PmxEmN9pklGCdLi0Iqg==}

  '@docsearch/react@3.6.1':
    resolution: {integrity: sha512-qXZkEPvybVhSXj0K7U3bXc233tk5e8PfhoZ6MhPOiik/qUQxYC+Dn9DnoS7CxHQQhHfCvTiN0eY9M12oRghEXw==}
    peerDependencies:
      '@types/react': '>= 16.8.0 < 19.0.0'
      react: '>= 16.8.0 < 19.0.0'
      react-dom: '>= 16.8.0 < 19.0.0'
      search-insights: '>= 1 < 3'
    peerDependenciesMeta:
      '@types/react':
        optional: true
      react:
        optional: true
      react-dom:
        optional: true
      search-insights:
        optional: true

  '@esbuild/aix-ppc64@0.21.3':
    resolution: {integrity: sha512-yTgnwQpFVYfvvo4SvRFB0SwrW8YjOxEoT7wfMT7Ol5v7v5LDNvSGo67aExmxOb87nQNeWPVvaGBNfQ7BXcrZ9w==}
    engines: {node: '>=12'}
    cpu: [ppc64]
    os: [aix]

  '@esbuild/android-arm64@0.21.3':
    resolution: {integrity: sha512-c+ty9necz3zB1Y+d/N+mC6KVVkGUUOcm4ZmT5i/Fk5arOaY3i6CA3P5wo/7+XzV8cb4GrI/Zjp8NuOQ9Lfsosw==}
    engines: {node: '>=12'}
    cpu: [arm64]
    os: [android]

  '@esbuild/android-arm@0.21.3':
    resolution: {integrity: sha512-bviJOLMgurLJtF1/mAoJLxDZDL6oU5/ztMHnJQRejbJrSc9FFu0QoUoFhvi6qSKJEw9y5oGyvr9fuDtzJ30rNQ==}
    engines: {node: '>=12'}
    cpu: [arm]
    os: [android]

  '@esbuild/android-x64@0.21.3':
    resolution: {integrity: sha512-JReHfYCRK3FVX4Ra+y5EBH1b9e16TV2OxrPAvzMsGeES0X2Ndm9ImQRI4Ket757vhc5XBOuGperw63upesclRw==}
    engines: {node: '>=12'}
    cpu: [x64]
    os: [android]

  '@esbuild/darwin-arm64@0.21.3':
    resolution: {integrity: sha512-U3fuQ0xNiAkXOmQ6w5dKpEvXQRSpHOnbw7gEfHCRXPeTKW9sBzVck6C5Yneb8LfJm0l6le4NQfkNPnWMSlTFUQ==}
    engines: {node: '>=12'}
    cpu: [arm64]
    os: [darwin]

  '@esbuild/darwin-x64@0.21.3':
    resolution: {integrity: sha512-3m1CEB7F07s19wmaMNI2KANLcnaqryJxO1fXHUV5j1rWn+wMxdUYoPyO2TnAbfRZdi7ADRwJClmOwgT13qlP3Q==}
    engines: {node: '>=12'}
    cpu: [x64]
    os: [darwin]

  '@esbuild/freebsd-arm64@0.21.3':
    resolution: {integrity: sha512-fsNAAl5pU6wmKHq91cHWQT0Fz0vtyE1JauMzKotrwqIKAswwP5cpHUCxZNSTuA/JlqtScq20/5KZ+TxQdovU/g==}
    engines: {node: '>=12'}
    cpu: [arm64]
    os: [freebsd]

  '@esbuild/freebsd-x64@0.21.3':
    resolution: {integrity: sha512-tci+UJ4zP5EGF4rp8XlZIdq1q1a/1h9XuronfxTMCNBslpCtmk97Q/5qqy1Mu4zIc0yswN/yP/BLX+NTUC1bXA==}
    engines: {node: '>=12'}
    cpu: [x64]
    os: [freebsd]

  '@esbuild/linux-arm64@0.21.3':
    resolution: {integrity: sha512-vvG6R5g5ieB4eCJBQevyDMb31LMHthLpXTc2IGkFnPWS/GzIFDnaYFp558O+XybTmYrVjxnryru7QRleJvmZ6Q==}
    engines: {node: '>=12'}
    cpu: [arm64]
    os: [linux]

  '@esbuild/linux-arm@0.21.3':
    resolution: {integrity: sha512-f6kz2QpSuyHHg01cDawj0vkyMwuIvN62UAguQfnNVzbge2uWLhA7TCXOn83DT0ZvyJmBI943MItgTovUob36SQ==}
    engines: {node: '>=12'}
    cpu: [arm]
    os: [linux]

  '@esbuild/linux-ia32@0.21.3':
    resolution: {integrity: sha512-HjCWhH7K96Na+66TacDLJmOI9R8iDWDDiqe17C7znGvvE4sW1ECt9ly0AJ3dJH62jHyVqW9xpxZEU1jKdt+29A==}
    engines: {node: '>=12'}
    cpu: [ia32]
    os: [linux]

  '@esbuild/linux-loong64@0.21.3':
    resolution: {integrity: sha512-BGpimEccmHBZRcAhdlRIxMp7x9PyJxUtj7apL2IuoG9VxvU/l/v1z015nFs7Si7tXUwEsvjc1rOJdZCn4QTU+Q==}
    engines: {node: '>=12'}
    cpu: [loong64]
    os: [linux]

  '@esbuild/linux-mips64el@0.21.3':
    resolution: {integrity: sha512-5rMOWkp7FQGtAH3QJddP4w3s47iT20hwftqdm7b+loe95o8JU8ro3qZbhgMRy0VuFU0DizymF1pBKkn3YHWtsw==}
    engines: {node: '>=12'}
    cpu: [mips64el]
    os: [linux]

  '@esbuild/linux-ppc64@0.21.3':
    resolution: {integrity: sha512-h0zj1ldel89V5sjPLo5H1SyMzp4VrgN1tPkN29TmjvO1/r0MuMRwJxL8QY05SmfsZRs6TF0c/IDH3u7XYYmbAg==}
    engines: {node: '>=12'}
    cpu: [ppc64]
    os: [linux]

  '@esbuild/linux-riscv64@0.21.3':
    resolution: {integrity: sha512-dkAKcTsTJ+CRX6bnO17qDJbLoW37npd5gSNtSzjYQr0svghLJYGYB0NF1SNcU1vDcjXLYS5pO4qOW4YbFama4A==}
    engines: {node: '>=12'}
    cpu: [riscv64]
    os: [linux]

  '@esbuild/linux-s390x@0.21.3':
    resolution: {integrity: sha512-vnD1YUkovEdnZWEuMmy2X2JmzsHQqPpZElXx6dxENcIwTu+Cu5ERax6+Ke1QsE814Zf3c6rxCfwQdCTQ7tPuXA==}
    engines: {node: '>=12'}
    cpu: [s390x]
    os: [linux]

  '@esbuild/linux-x64@0.21.3':
    resolution: {integrity: sha512-IOXOIm9WaK7plL2gMhsWJd+l2bfrhfilv0uPTptoRoSb2p09RghhQQp9YY6ZJhk/kqmeRt6siRdMSLLwzuT0KQ==}
    engines: {node: '>=12'}
    cpu: [x64]
    os: [linux]

  '@esbuild/netbsd-x64@0.21.3':
    resolution: {integrity: sha512-uTgCwsvQ5+vCQnqM//EfDSuomo2LhdWhFPS8VL8xKf+PKTCrcT/2kPPoWMTs22aB63MLdGMJiE3f1PHvCDmUOw==}
    engines: {node: '>=12'}
    cpu: [x64]
    os: [netbsd]

  '@esbuild/openbsd-x64@0.21.3':
    resolution: {integrity: sha512-vNAkR17Ub2MgEud2Wag/OE4HTSI6zlb291UYzHez/psiKarp0J8PKGDnAhMBcHFoOHMXHfExzmjMojJNbAStrQ==}
    engines: {node: '>=12'}
    cpu: [x64]
    os: [openbsd]

  '@esbuild/sunos-x64@0.21.3':
    resolution: {integrity: sha512-W8H9jlGiSBomkgmouaRoTXo49j4w4Kfbl6I1bIdO/vT0+0u4f20ko3ELzV3hPI6XV6JNBVX+8BC+ajHkvffIJA==}
    engines: {node: '>=12'}
    cpu: [x64]
    os: [sunos]

  '@esbuild/win32-arm64@0.21.3':
    resolution: {integrity: sha512-EjEomwyLSCg8Ag3LDILIqYCZAq/y3diJ04PnqGRgq8/4O3VNlXyMd54j/saShaN4h5o5mivOjAzmU6C3X4v0xw==}
    engines: {node: '>=12'}
    cpu: [arm64]
    os: [win32]

  '@esbuild/win32-ia32@0.21.3':
    resolution: {integrity: sha512-WGiE/GgbsEwR33++5rzjiYsKyHywE8QSZPF7Rfx9EBfK3Qn3xyR6IjyCr5Uk38Kg8fG4/2phN7sXp4NPWd3fcw==}
    engines: {node: '>=12'}
    cpu: [ia32]
    os: [win32]

  '@esbuild/win32-x64@0.21.3':
    resolution: {integrity: sha512-xRxC0jaJWDLYvcUvjQmHCJSfMrgmUuvsoXgDeU/wTorQ1ngDdUBuFtgY3W1Pc5sprGAvZBtWdJX7RPg/iZZUqA==}
    engines: {node: '>=12'}
    cpu: [x64]
    os: [win32]

  '@jridgewell/sourcemap-codec@1.5.5':
    resolution: {integrity: sha512-cYQ9310grqxueWbl+WuIUIaiUaDcj7WOq5fVhEljNVgRfOUhY9fy2zTvfoqWsnebh8Sl70VScFbICvJnLKB0Og==}

  '@rollup/rollup-android-arm-eabi@4.62.0':
    resolution: {integrity: sha512-IPIQ55ythEHkfEd9jMEi32OQ7SxURsGA43JI22lj01OLZNt2NUbJX8YUHxkVWyQ6daHPNn0truF5nSj3DQp6YQ==}
    cpu: [arm]
    os: [android]

  '@rollup/rollup-android-arm64@4.62.0':
    resolution: {integrity: sha512-M6s9cr10MibETyo8JsOkq+Lo1+lU6hcvb1MApnUql5qte/5hMEgzlN8/ReIKNfRV8rrqX50W1BX9zoUhC192RA==}
    cpu: [arm64]
    os: [android]

  '@rollup/rollup-darwin-arm64@4.62.0':
    resolution: {integrity: sha512-BqCoMoIbn0keKys+dEAdBa70EtOwV1bEsQCUgU9FdiZmmMge/Zk7LlkYGqbrdHR+Frnt0E1FOanly+rlwvvQzw==}
    cpu: [arm64]
    os: [darwin]

  '@rollup/rollup-darwin-x64@4.62.0':
    resolution: {integrity: sha512-SIMzST3VFNXDAbeIWDWiFCNM5qncUBDWaEV7NfE7oZbDt2mgfW4MvbKdbYiGOLoM32gbTv608UMd0XktEYSD7w==}
    cpu: [x64]
    os: [darwin]

  '@rollup/rollup-freebsd-arm64@4.62.0':
    resolution: {integrity: sha512-ezjfSQMP7ArdUsbBwbQIfwAlhE84I2iVnzQNCFSveqV42q+BmKlzVpf7mxv5EchLcoWU4y6/heFzVg1F+hodUQ==}
    cpu: [arm64]
    os: [freebsd]

  '@rollup/rollup-freebsd-x64@4.62.0':
    resolution: {integrity: sha512-9+qTWGW9AZRhnUgwtTwzNwcPlL87ngkeN0LA+q1bADvmY9aNvWaF2TFW8BZgnQPYxpDI7+rMVLivcd4V737TAQ==}
    cpu: [x64]
    os: [freebsd]

  '@rollup/rollup-linux-arm-gnueabihf@4.62.0':
    resolution: {integrity: sha512-T1dMEQhXA/jkJ/jyMIw9IovK8bSUq7A8kLIlvZTb/6YIVsp2zLavr4F3oyllHWo7eIVJRyE5n3tUjQJEbE1IuQ==}
    cpu: [arm]
    os: [linux]
    libc: [glibc]

  '@rollup/rollup-linux-arm-musleabihf@4.62.0':
    resolution: {integrity: sha512-2as0LgT7qQpyceQq6VUJYnumUMUrgGQCWIiDIN9DE0/tglsk6o66uCB4f3djRawAltvfCNLyZZrsqbPA6inCsA==}
    cpu: [arm]
    os: [linux]
    libc: [musl]

  '@rollup/rollup-linux-arm64-gnu@4.62.0':
    resolution: {integrity: sha512-bVURMg+6eNN9C/yc0aVjooZcwTTtYF4YW3xta5pP0//r3o1V8gXEHXWCndj47w/HhwsFroZrFhR+6uQP5T0n0g==}
    cpu: [arm64]
    os: [linux]
    libc: [glibc]

  '@rollup/rollup-linux-arm64-musl@4.62.0':
    resolution: {integrity: sha512-Ful8pM/2yYI83PViWdFdpZhdI8HJ5qsXANe5atypbHDf+KIBBDsZsbyy8hbXnULVvW9NsTh5DHwbcBftyLTfiw==}
    cpu: [arm64]
    os: [linux]
    libc: [musl]

  '@rollup/rollup-linux-loong64-gnu@4.62.0':
    resolution: {integrity: sha512-9Gp/DgrkzfUBmNPVTyPTvay+4xEP7M/clXpj3efXBcm6uTIVIgDg4rqUpqKXvLEuFRVuEpSAOkhgNeecvaZ4Cg==}
    cpu: [loong64]
    os: [linux]
    libc: [glibc]

  '@rollup/rollup-linux-loong64-musl@4.62.0':
    resolution: {integrity: sha512-m9tsJz54LUXkSYM8+8PG81B9IKK5r+2T0clMq4QrS16xFosufU7firBDAZEsDheDs7wTlP7h3++S7lMsU955HA==}
    cpu: [loong64]
    os: [linux]
    libc: [musl]

  '@rollup/rollup-linux-ppc64-gnu@4.62.0':
    resolution: {integrity: sha512-3UvJ5PNVU16aJf6M3tFI24pWzAl2/ynfbyRN3ICyQajK1lSkrnVYNnLz3v04J32qKa0FczJc22zeToc0lr2A3w==}
    cpu: [ppc64]
    os: [linux]
    libc: [glibc]

  '@rollup/rollup-linux-ppc64-musl@4.62.0':
    resolution: {integrity: sha512-vRWUAbYLGHBZS6Q8Msb2sfnf1fvJf+47t8l/TwOerM2qArzy+IeNMTHrYLHXh95h8MoatPHI5hhSZNs+mGXKPg==}
    cpu: [ppc64]
    os: [linux]
    libc: [musl]

  '@rollup/rollup-linux-riscv64-gnu@4.62.0':
    resolution: {integrity: sha512-c00T5SYENHAt86cfW47URaP3Us5vLC/4QO7GYud1G5VNRffCwwCuBspwqYrriuJB+5m0WFzClCn9wed0FBjKvg==}
    cpu: [riscv64]
    os: [linux]
    libc: [glibc]

  '@rollup/rollup-linux-riscv64-musl@4.62.0':
    resolution: {integrity: sha512-krrCDilhXOwFkSkO3Wm9I/f9H0L92XHHwy2fwxjukxIbh0dem8gZqOW5Y8BsHrpJv5qwlRBV+Wl4ZFyRWhUpwg==}
    cpu: [riscv64]
    os: [linux]
    libc: [musl]

  '@rollup/rollup-linux-s390x-gnu@4.62.0':
    resolution: {integrity: sha512-7pfYFSTc4/rUC/FtAI0Qp6QthDBCIi6/AuP1xYqFk5vanI6KnL5dWKP60OM/05LOsbwTmIcvr6eXC4CJuJ75IA==}
    cpu: [s390x]
    os: [linux]
    libc: [glibc]

  '@rollup/rollup-linux-x64-gnu@4.62.0':
    resolution: {integrity: sha512-7SDIalKeIpG0Ifogbbdn58HmSotYMlf23K3dCJEmiVd9Fg36Vmni82iPQec27N3wY4Bvbxftkxz6vSx9OcouTg==}
    cpu: [x64]
    os: [linux]
    libc: [glibc]

  '@rollup/rollup-linux-x64-musl@4.62.0':
    resolution: {integrity: sha512-eRZevouTH2i1HeAVLqJuLnt256krQkGY0TN6WsTmsIhuzbh457HuWDMakKwmi0Cjadux983CoSr8Lim2QhUIFw==}
    cpu: [x64]
    os: [linux]
    libc: [musl]

  '@rollup/rollup-openbsd-x64@4.62.0':
    resolution: {integrity: sha512-3oVS7FLGa4U1qcvao9ylGxrjXZyUQqR8UwxEcnUEyPX53O/C/mKDZegNXTdHCP+h3e6ta/f1EN38Yif1mmZHYg==}
    cpu: [x64]
    os: [openbsd]

  '@rollup/rollup-openharmony-arm64@4.62.0':
    resolution: {integrity: sha512-yTB9TgfWj5wHe5QgktAgXTLLot1gvEjl1NiPPAUiCs4oPrIWFl5V4nC3GrkNdj9LaAU4s94nVrGbGOCqUpyWsg==}
    cpu: [arm64]
    os: [openharmony]

  '@rollup/rollup-win32-arm64-msvc@4.62.0':
    resolution: {integrity: sha512-5LOhoaesY3doG1c+ac/2JtgREpKoJr5bUHH8tKY0V8di7+uSV6BwLs2PlR0/yzefGOkR+wE7ZolZphHCsyG5Rw==}
    cpu: [arm64]
    os: [win32]

  '@rollup/rollup-win32-ia32-msvc@4.62.0':
    resolution: {integrity: sha512-yYkWHhmbhRTWTnWos5HC4GcPQfjlzzCNbM9e/+GXrLuaBXYA3qSDR9f0Vgufd5S8yX81U8jPKp7ZnAjZFMtRnw==}
    cpu: [ia32]
    os: [win32]

  '@rollup/rollup-win32-x64-gnu@4.62.0':
    resolution: {integrity: sha512-SoTb6lPg25xZlA2ibwQ++ahCCnH+FP0qmEuafMJ4gznZKOlXioKEAeJLgCrqjM98ACziXM9V1amFjICVL4IFoA==}
    cpu: [x64]
    os: [win32]

  '@rollup/rollup-win32-x64-msvc@4.62.0':
    resolution: {integrity: sha512-5L+T1fMX4RIEBoZzT0+sQ0PhTS36NULFmMXtl1TZo44TMAROIMHbZufSOjVWt/Y622BtxgxtaNOokbTDvfsrZA==}
    cpu: [x64]
    os: [win32]

  '@shikijs/core@1.13.0':
    resolution: {integrity: sha512-Mj5NVfbAXcD1GnwOTSPl8hBn/T8UDpfFQTptp+p41n/CbUcJtOq98WaRD7Lz3hCglYotUTHUWtzu3JhK6XlkAA==}

  '@shikijs/transformers@1.13.0':
    resolution: {integrity: sha512-51aLIT6a93rVGoTxl2+p6hb7ILbTA4p/unoibEAjnPMzHto4cqxhuHyDVgtQur5ANpGsL3ihSGKaZDrpcWH8vQ==}

  '@types/estree@1.0.9':
    resolution: {integrity: sha512-GhdPgy1el4/ImP05X05Uw4cw2/M93BCUmnEvWZNStlCzEKME4Fkk+YpoA5OiHNQmoS7Cafb8Xa3Pya8m1Qrzeg==}

  '@types/hast@3.0.4':
    resolution: {integrity: sha512-WPs+bbQw5aCj+x6laNGWLH3wviHtoCv/P3+otBhbOhJgG8qtpdAMlTCxLtsTWA7LH1Oh/bFCHsBn0TPS5m30EQ==}

  '@types/linkify-it@5.0.0':
    resolution: {integrity: sha512-sVDA58zAw4eWAffKOaQH5/5j3XeayukzDk+ewSsnv3p4yJEZHCCzMDiZM8e0OUrRvmpGZ85jf4yDHkHsgBNr9Q==}

  '@types/markdown-it@14.1.2':
    resolution: {integrity: sha512-promo4eFwuiW+TfGxhi+0x3czqTYJkG8qB17ZUJiVF10Xm7NLVRSLUsfRTU/6h1e24VvRnXCx+hG7li58lkzog==}

  '@types/mdurl@2.0.0':
    resolution: {integrity: sha512-RGdgjQUZba5p6QEFAVx2OGb8rQDL/cPRG7GiedRzMcJ1tYnUANBncjbSB1NRGwbvjcPeikRABz2nshyPk1bhWg==}

  '@types/unist@3.0.3':
    resolution: {integrity: sha512-ko/gIFJRv177XgZsZcBwnqJN5x/Gien8qNOn0D5bQU/zAzVf9Zt3BlcUiLqhV9y4ARk0GbT3tnUiPNgnTXzc/Q==}

  '@types/web-bluetooth@0.0.20':
    resolution: {integrity: sha512-g9gZnnXVq7gM7v3tJCWV/qw7w+KeOlSHAhgF9RytFyifW6AF61hdT2ucrYhPq9hLs5JIryeupHV3qGk95dH9ow==}

  '@vitejs/plugin-vue@5.1.2':
    resolution: {integrity: sha512-nY9IwH12qeiJqumTCLJLE7IiNx7HZ39cbHaysEUd+Myvbz9KAqd2yq+U01Kab1R/H1BmiyM2ShTYlNH32Fzo3A==}
    engines: {node: ^18.0.0 || >=20.0.0}
    peerDependencies:
      vite: ^5.0.0
      vue: ^3.2.25

  '@vue/compiler-core@3.5.38':
    resolution: {integrity: sha512-s99aGxWYig9ErHbct27KXEGhrBYlRI6c4MwAgXErOAbX9xiW37/uMa+XUDO69zLz83dng8UUZ70CTOJrLrYrEQ==}

  '@vue/compiler-dom@3.5.38':
    resolution: {integrity: sha512-JTqp25l8aFfJYF7/KmsXZjAxJz7T+SjmTJLoXVjHtc2BrSgSiW2n9Aem/cWq1OPe68A8JL06B3eVdhlP0H4TVw==}

  '@vue/compiler-sfc@3.5.38':
    resolution: {integrity: sha512-DuA2GiZawSEW442iw/9+Fkol8hTgb4Ke5KkhmSry65QA7YuyMbIdy8p0XZRMvNwJdgRz307W8g1CSzdvS4nuNg==}

  '@vue/compiler-ssr@3.5.38':
    resolution: {integrity: sha512-7s+W5Gc42FGxZMcuwl8H5B29T8BJPMdBT7KHFE+BbAuZ/iTEdTtv7z2XiMjiaUUw4w3ZcCEdHs36RuYJ2VA7bA==}

  '@vue/devtools-api@7.3.8':
    resolution: {integrity: sha512-NURFwmxz4WukFU54IHgyGI2KSejdgHG5JC4xTcWmTWEBIc8aelj9fBy4qsboObGHFp3JIdRxxANO9s2wZA/pVQ==}

  '@vue/devtools-kit@7.3.8':
    resolution: {integrity: sha512-HYy3MQP1nZ6GbE4vrgJ/UB+MvZnhYmEwCa/UafrEpdpwa+jNCkz1ZdUrC5I7LpkH1ShREEV2/pZlAQdBj+ncLQ==}

  '@vue/devtools-shared@7.3.8':
    resolution: {integrity: sha512-1NiJbn7Yp47nPDWhFZyEKpB2+5/+7JYv8IQnU0ccMrgslPR2dL7u1DIyI7mLqy4HN1ll36gQy0k8GqBYSFgZJw==}

  '@vue/reactivity@3.5.38':
    resolution: {integrity: sha512-pG6LV/NDNRbKizcUjFFLAfjaL8mcv4DmR9avNcUw2gDHBzZneuS2TWCmp633ynzxz9YYKNeEPK2I8Wraqy2HUQ==}

  '@vue/runtime-core@3.5.38':
    resolution: {integrity: sha512-iyW8WVfF1CpCXxncZY5Ei6rSd6oZr5DgEom//fUjRBRl56AXPD+s9ATvukRt77ZFTuYlnVA1bxY+dJB94tWVYw==}

  '@vue/runtime-dom@3.5.38':
    resolution: {integrity: sha512-apX2wt9sdfDshS+a2xueFZLVpt0GkRJZSoPmrW/SA4yzXTznhfcMVW59gr7h4YQeY0vJhdJkk2rsIDwgfFgC5A==}

  '@vue/server-renderer@3.5.38':
    resolution: {integrity: sha512-vue8vbf2QlV4quHqzwmJy6dWfmRhP1J8l4wtZg60CL6VoKqcPY2oe7may3+1d9qfpedjK5PRLFqd5k3Isj9mUw==}
    peerDependencies:
      vue: 3.5.38

  '@vue/shared@3.5.38':
    resolution: {integrity: sha512-FTW0AFZNaK5/mOqvGBwVfUlNLU38TiQn4+DQgIFUnrBBJQ1crMJ82yeGQLV5jyKFsO8yRukpbuP7x+nRbH6aug==}

  '@vueuse/core@11.0.0':
    resolution: {integrity: sha512-shibzNGjmRjZucEm97B8V0NO5J3vPHMCE/mltxQ3vHezbDoFQBMtK11XsfwfPionxSbo+buqPmsCljtYuXIBpw==}

  '@vueuse/integrations@11.0.0':
    resolution: {integrity: sha512-B95nBX4B2q2ZETBDldrKARM/fYXBHfwdo44UbHBq4bUTi25lrlc8MwAZGqEoRvdV4ND9T6O1Rb9e4kaCJFXnqw==}
    peerDependencies:
      async-validator: ^4
      axios: ^1
      change-case: ^5
      drauu: ^0.4
      focus-trap: ^7
      fuse.js: ^7
      idb-keyval: ^6
      jwt-decode: ^4
      nprogress: ^0.2
      qrcode: ^1.5
      sortablejs: ^1
      universal-cookie: ^7
    peerDependenciesMeta:
      async-validator:
        optional: true
      axios:
        optional: true
      change-case:
        optional: true
      drauu:
        optional: true
      focus-trap:
        optional: true
      fuse.js:
        optional: true
      idb-keyval:
        optional: true
      jwt-decode:
        optional: true
      nprogress:
        optional: true
      qrcode:
        optional: true
      sortablejs:
        optional: true
      universal-cookie:
        optional: true

  '@vueuse/metadata@11.0.0':
    resolution: {integrity: sha512-0TKsAVT0iUOAPWyc9N79xWYfovJVPATiOPVKByG6jmAYdDiwvMVm9xXJ5hp4I8nZDxpCcYlLq/Rg9w1Z/jrGcg==}

  '@vueuse/shared@11.0.0':
    resolution: {integrity: sha512-i4ZmOrIEjSsL94uAEt3hz88UCz93fMyP/fba9S+vypX90fKg3uYX9cThqvWc9aXxuTzR0UGhOKOTQd//Goh1nQ==}

  algoliasearch@4.27.0:
    resolution: {integrity: sha512-C88C5grLa5VOCp9eYZJt+q99ik7yNdm92l7Q9+4XK0Md8kL05Lg8l2v9ZVX0uMW3mH9pAFxMMXlLOvqNumA4lw==}

  birpc@0.2.17:
    resolution: {integrity: sha512-+hkTxhot+dWsLpp3gia5AkVHIsKlZybNT5gIYiDlNzJrmYPcTM9k5/w2uaj3IPpd7LlEYpmCj4Jj1nC41VhDFg==}

  copy-anything@4.0.5:
    resolution: {integrity: sha512-7Vv6asjS4gMOuILabD3l739tsaxFQmC+a7pLZm02zyvs8p977bL3zEgq3yDk5rn9B0PbYgIv++jmHcuUab4RhA==}
    engines: {node: '>=18'}

  csstype@3.2.3:
    resolution: {integrity: sha512-z1HGKcYy2xA8AGQfwrn0PAy+PB7X/GSj3UVJW9qKyn43xWa+gl5nXmU4qqLMRzWVLFC8KusUX8T/0kCiOYpAIQ==}

  entities@7.0.1:
    resolution: {integrity: sha512-TWrgLOFUQTH994YUyl1yT4uyavY5nNB5muff+RtWaqNVCAK408b5ZnnbNAUEWLTCpum9w6arT70i1XdQ4UeOPA==}
    engines: {node: '>=0.12'}

  esbuild@0.21.3:
    resolution: {integrity: sha512-Kgq0/ZsAPzKrbOjCQcjoSmPoWhlcVnGAUo7jvaLHoxW1Drto0KGkR1xBNg2Cp43b9ImvxmPEJZ9xkfcnqPsfBw==}
    engines: {node: '>=12'}
    hasBin: true

  estree-walker@2.0.2:
    resolution: {integrity: sha512-Rfkk/Mp/DL7JVje3u18FxFujQlTNR2q6QfMSMB7AvCBx91NGj/ba3kCfza0f6dVDbw7YlRf/nDrn7pQrCCyQ/w==}

  focus-trap@7.8.0:
    resolution: {integrity: sha512-/yNdlIkpWbM0ptxno3ONTuf+2g318kh2ez3KSeZN5dZ8YC6AAmgeWz+GasYYiBJPFaYcSAPeu4GfhUaChzIJXA==}

  fsevents@2.3.3:
    resolution: {integrity: sha512-5xoDfX+fL7faATnagmWPpbFtwh/R77WmMMqqHGS65C3vvB0YHrgF+B1YmZ3441tMj5n63k0212XNoJwzlhffQw==}
    engines: {node: ^8.16.0 || ^10.6.0 || >=11.0.0}
    os: [darwin]

  hookable@5.5.3:
    resolution: {integrity: sha512-Yc+BQe8SvoXH1643Qez1zqLRmbA5rCL+sSmk6TVos0LWVfNIB7PGncdlId77WzLGSIB5KaWgTaNTs2lNVEI6VQ==}

  is-what@5.5.0:
    resolution: {integrity: sha512-oG7cgbmg5kLYae2N5IVd3jm2s+vldjxJzK1pcu9LfpGuQ93MQSzo0okvRna+7y5ifrD+20FE8FvjusyGaz14fw==}
    engines: {node: '>=18'}

  magic-string@0.30.21:
    resolution: {integrity: sha512-vd2F4YUyEXKGcLHoq+TEyCjxueSeHnFxyyjNp80yg0XV4vUhnDer/lvvlqM/arB5bXQN5K2/3oinyCRyx8T2CQ==}

  mark.js@8.11.1:
    resolution: {integrity: sha512-1I+1qpDt4idfgLQG+BNWmrqku+7/2bi5nLf4YwF8y8zXvmfiTBY3PV3ZibfrjBueCByROpuBjLLFCajqkgYoLQ==}

  minisearch@7.2.0:
    resolution: {integrity: sha512-dqT2XBYUOZOiC5t2HRnwADjhNS2cecp9u+TJRiJ1Qp/f5qjkeT5APcGPjHw+bz89Ms8Jp+cG4AlE+QZ/QnDglg==}

  mitt@3.0.1:
    resolution: {integrity: sha512-vKivATfr97l2/QBCYAkXYDbrIWPM2IIKEl7YPhjCvKlG3kE2gm+uBo6nEXK3M5/Ffh/FLpKExzOQ3JJoJGFKBw==}

  nanoid@3.3.12:
    resolution: {integrity: sha512-ZB9RH/39qpq5Vu6Y+NmUaFhQR6pp+M2Xt76XBnEwDaGcVAqhlvxrl3B2bKS5D3NH3QR76v3aSrKaF/Kiy7lEtQ==}
    engines: {node: ^10 || ^12 || ^13.7 || ^14 || >=15.0.1}
    hasBin: true

  perfect-debounce@1.0.0:
    resolution: {integrity: sha512-xCy9V055GLEqoFaHoC1SoLIaLmWctgCUaBaWxDZ7/Zx4CTyX7cJQLJOok/orfjZAh9kEYpjJa4d0KcJmCbctZA==}

  picocolors@1.1.1:
    resolution: {integrity: sha512-xceH2snhtb5M9liqDsmEw56le376mTZkEX/jEb/RxNFyegNul7eNslCXP9FDj/Lcu0X8KEyMceP2ntpaHrDEVA==}

  postcss@8.5.15:
    resolution: {integrity: sha512-FfR8sjd4em2T6fb3I2MwAJU7HWVMr9zba+enmQeeWFfCbm+UOC/0X4DS8XtpUTMwWMGbjKYP7xjfNekzyGmB3A==}
    engines: {node: ^10 || ^12 || >=14}

  preact@10.29.2:
    resolution: {integrity: sha512-7tNmwg/7mzzAoB/8kSg6Hl37JraAZw3Z3A0JSY7VXlZwo82Xn0G7wKbNNs2qoF4ZEEsQGTwDAroNdqKs1ofJxQ==}

  rfdc@1.4.1:
    resolution: {integrity: sha512-q1b3N5QkRUWUl7iyylaaj3kOpIT0N2i9MqIEQXP73GVsN9cw3fdx8X63cEmWhJGi2PPCF23Ijp7ktmd39rawIA==}

  rollup@4.62.0:
    resolution: {integrity: sha512-nc72Wgq62I7rtDV4izT5/aaS0zxy3kttkinf9586ApknY3jZO9NYsmtc24fUckA0X7Q2v+ML4a15pdUlV5V/jA==}
    engines: {node: '>=18.0.0', npm: '>=8.0.0'}
    hasBin: true

  search-insights@2.17.3:
    resolution: {integrity: sha512-RQPdCYTa8A68uM2jwxoY842xDhvx3E5LFL1LxvxCNMev4o5mLuokczhzjAgGwUZBAmOKZknArSxLKmXtIi2AxQ==}

  shiki@1.13.0:
    resolution: {integrity: sha512-e0dWfnONbEv6xl7FJy3XIhsVHQ/65XHDZl92+6H9+4xWjfdo7pmkqG7Kg47KWtDiEtzM5Z+oEfb4vtRvoZ/X9w==}

  source-map-js@1.2.1:
    resolution: {integrity: sha512-UXWMKhLOwVKb728IUtQPXxfYU+usdybtUrK/8uGE8CQMvrhOpwvzDBwj0QhSL7MQc7vIsISBG8VQ8+IDQxpfQA==}
    engines: {node: '>=0.10.0'}

  speakingurl@14.0.1:
    resolution: {integrity: sha512-1POYv7uv2gXoyGFpBCmpDVSNV74IfsWlDW216UPjbWufNf+bSU6GdbDsxdcxtfwb4xlI3yxzOTKClUosxARYrQ==}
    engines: {node: '>=0.10.0'}

  superjson@2.2.6:
    resolution: {integrity: sha512-H+ue8Zo4vJmV2nRjpx86P35lzwDT3nItnIsocgumgr0hHMQ+ZGq5vrERg9kJBo5AWGmxZDhzDo+WVIJqkB0cGA==}
    engines: {node: '>=16'}

  tabbable@6.4.0:
    resolution: {integrity: sha512-05PUHKSNE8ou2dwIxTngl4EzcnsCDZGJ/iCLtDflR/SHB/ny14rXc+qU5P4mG9JkusiV7EivzY9Mhm55AzAvCg==}

  vite@5.4.1:
    resolution: {integrity: sha512-1oE6yuNXssjrZdblI9AfBbHCC41nnyoVoEZxQnID6yvQZAFBzxxkqoFLtHUMkYunL8hwOLEjgTuxpkRxvba3kA==}
    engines: {node: ^18.0.0 || >=20.0.0}
    hasBin: true
    peerDependencies:
      '@types/node': ^18.0.0 || >=20.0.0
      less: '*'
      lightningcss: ^1.21.0
      sass: '*'
      sass-embedded: '*'
      stylus: '*'
      sugarss: '*'
      terser: ^5.4.0
    peerDependenciesMeta:
      '@types/node':
        optional: true
      less:
        optional: true
      lightningcss:
        optional: true
      sass:
        optional: true
      sass-embedded:
        optional: true
      stylus:
        optional: true
      sugarss:
        optional: true
      terser:
        optional: true

  vitepress@1.3.4:
    resolution: {integrity: sha512-I1/F6OW1xl3kW4PaIMC6snxjWgf3qfziq2aqsDoFc/Gt41WbcRv++z8zjw8qGRIJ+I4bUW7ZcKFDHHN/jkH9DQ==}
    hasBin: true
    peerDependencies:
      markdown-it-mathjax3: ^4
      postcss: ^8
    peerDependenciesMeta:
      markdown-it-mathjax3:
        optional: true
      postcss:
        optional: true

  vue-demi@0.14.10:
    resolution: {integrity: sha512-nMZBOwuzabUO0nLgIcc6rycZEebF6eeUfaiQx9+WSk8e29IbLvPU9feI6tqW4kTo3hvoYAJkMh8n8D0fuISphg==}
    engines: {node: '>=12'}
    hasBin: true
    peerDependencies:
      '@vue/composition-api': ^1.0.0-rc.1
      vue: ^3.0.0-0 || ^2.6.0
    peerDependenciesMeta:
      '@vue/composition-api':
        optional: true

  vue@3.5.38:
    resolution: {integrity: sha512-vAMKHfImQlYSy0C+PBue4s3ERZ2xGKfgZg5GXAsLInq1dyh2H78ILVP5sK0KPFPVW4kv+OGCIvBEondcjpZp7A==}
    peerDependencies:
      typescript: '*'
    peerDependenciesMeta:
      typescript:
        optional: true

snapshots:

  '@algolia/autocomplete-core@1.9.3(@algolia/client-search@4.27.0)(algoliasearch@4.27.0)(search-insights@2.17.3)':
    dependencies:
      '@algolia/autocomplete-plugin-algolia-insights': 1.9.3(@algolia/client-search@4.27.0)(algoliasearch@4.27.0)(search-insights@2.17.3)
      '@algolia/autocomplete-shared': 1.9.3(@algolia/client-search@4.27.0)(algoliasearch@4.27.0)
    transitivePeerDependencies:
      - '@algolia/client-search'
      - algoliasearch
      - search-insights

  '@algolia/autocomplete-plugin-algolia-insights@1.9.3(@algolia/client-search@4.27.0)(algoliasearch@4.27.0)(search-insights@2.17.3)':
    dependencies:
      '@algolia/autocomplete-shared': 1.9.3(@algolia/client-search@4.27.0)(algoliasearch@4.27.0)
      search-insights: 2.17.3
    transitivePeerDependencies:
      - '@algolia/client-search'
      - algoliasearch

  '@algolia/autocomplete-preset-algolia@1.9.3(@algolia/client-search@4.27.0)(algoliasearch@4.27.0)':
    dependencies:
      '@algolia/autocomplete-shared': 1.9.3(@algolia/client-search@4.27.0)(algoliasearch@4.27.0)
      '@algolia/client-search': 4.27.0
      algoliasearch: 4.27.0

  '@algolia/autocomplete-shared@1.9.3(@algolia/client-search@4.27.0)(algoliasearch@4.27.0)':
    dependencies:
      '@algolia/client-search': 4.27.0
      algoliasearch: 4.27.0

  '@algolia/cache-browser-local-storage@4.27.0':
    dependencies:
      '@algolia/cache-common': 4.27.0

  '@algolia/cache-common@4.27.0': {}

  '@algolia/cache-in-memory@4.27.0':
    dependencies:
      '@algolia/cache-common': 4.27.0

  '@algolia/client-account@4.27.0':
    dependencies:
      '@algolia/client-common': 4.27.0
      '@algolia/client-search': 4.27.0
      '@algolia/transporter': 4.27.0

  '@algolia/client-analytics@4.27.0':
    dependencies:
      '@algolia/client-common': 4.27.0
      '@algolia/client-search': 4.27.0
      '@algolia/requester-common': 4.27.0
      '@algolia/transporter': 4.27.0

  '@algolia/client-common@4.27.0':
    dependencies:
      '@algolia/requester-common': 4.27.0
      '@algolia/transporter': 4.27.0

  '@algolia/client-personalization@4.27.0':
    dependencies:
      '@algolia/client-common': 4.27.0
      '@algolia/requester-common': 4.27.0
      '@algolia/transporter': 4.27.0

  '@algolia/client-search@4.27.0':
    dependencies:
      '@algolia/client-common': 4.27.0
      '@algolia/requester-common': 4.27.0
      '@algolia/transporter': 4.27.0

  '@algolia/logger-common@4.27.0': {}

  '@algolia/logger-console@4.27.0':
    dependencies:
      '@algolia/logger-common': 4.27.0

  '@algolia/recommend@4.27.0':
    dependencies:
      '@algolia/cache-browser-local-storage': 4.27.0
      '@algolia/cache-common': 4.27.0
      '@algolia/cache-in-memory': 4.27.0
      '@algolia/client-common': 4.27.0
      '@algolia/client-search': 4.27.0
      '@algolia/logger-common': 4.27.0
      '@algolia/logger-console': 4.27.0
      '@algolia/requester-browser-xhr': 4.27.0
      '@algolia/requester-common': 4.27.0
      '@algolia/requester-node-http': 4.27.0
      '@algolia/transporter': 4.27.0

  '@algolia/requester-browser-xhr@4.27.0':
    dependencies:
      '@algolia/requester-common': 4.27.0

  '@algolia/requester-common@4.27.0': {}

  '@algolia/requester-node-http@4.27.0':
    dependencies:
      '@algolia/requester-common': 4.27.0

  '@algolia/transporter@4.27.0':
    dependencies:
      '@algolia/cache-common': 4.27.0
      '@algolia/logger-common': 4.27.0
      '@algolia/requester-common': 4.27.0

  '@babel/helper-string-parser@7.29.7': {}

  '@babel/helper-validator-identifier@7.29.7': {}

  '@babel/parser@7.29.7':
    dependencies:
      '@babel/types': 7.29.7

  '@babel/types@7.29.7':
    dependencies:
      '@babel/helper-string-parser': 7.29.7
      '@babel/helper-validator-identifier': 7.29.7

  '@docsearch/css@3.6.1': {}

  '@docsearch/js@3.6.1(@algolia/client-search@4.27.0)(search-insights@2.17.3)':
    dependencies:
      '@docsearch/react': 3.6.1(@algolia/client-search@4.27.0)(search-insights@2.17.3)
      preact: 10.29.2
    transitivePeerDependencies:
      - '@algolia/client-search'
      - '@types/react'
      - react
      - react-dom
      - search-insights

  '@docsearch/react@3.6.1(@algolia/client-search@4.27.0)(search-insights@2.17.3)':
    dependencies:
      '@algolia/autocomplete-core': 1.9.3(@algolia/client-search@4.27.0)(algoliasearch@4.27.0)(search-insights@2.17.3)
      '@algolia/autocomplete-preset-algolia': 1.9.3(@algolia/client-search@4.27.0)(algoliasearch@4.27.0)
      '@docsearch/css': 3.6.1
      algoliasearch: 4.27.0
    optionalDependencies:
      search-insights: 2.17.3
    transitivePeerDependencies:
      - '@algolia/client-search'

  '@esbuild/aix-ppc64@0.21.3':
    optional: true

  '@esbuild/android-arm64@0.21.3':
    optional: true

  '@esbuild/android-arm@0.21.3':
    optional: true

  '@esbuild/android-x64@0.21.3':
    optional: true

  '@esbuild/darwin-arm64@0.21.3':
    optional: true

  '@esbuild/darwin-x64@0.21.3':
    optional: true

  '@esbuild/freebsd-arm64@0.21.3':
    optional: true

  '@esbuild/freebsd-x64@0.21.3':
    optional: true

  '@esbuild/linux-arm64@0.21.3':
    optional: true

  '@esbuild/linux-arm@0.21.3':
    optional: true

  '@esbuild/linux-ia32@0.21.3':
    optional: true

  '@esbuild/linux-loong64@0.21.3':
    optional: true

  '@esbuild/linux-mips64el@0.21.3':
    optional: true

  '@esbuild/linux-ppc64@0.21.3':
    optional: true

  '@esbuild/linux-riscv64@0.21.3':
    optional: true

  '@esbuild/linux-s390x@0.21.3':
    optional: true

  '@esbuild/linux-x64@0.21.3':
    optional: true

  '@esbuild/netbsd-x64@0.21.3':
    optional: true

  '@esbuild/openbsd-x64@0.21.3':
    optional: true

  '@esbuild/sunos-x64@0.21.3':
    optional: true

  '@esbuild/win32-arm64@0.21.3':
    optional: true

  '@esbuild/win32-ia32@0.21.3':
    optional: true

  '@esbuild/win32-x64@0.21.3':
    optional: true

  '@jridgewell/sourcemap-codec@1.5.5': {}

  '@rollup/rollup-android-arm-eabi@4.62.0':
    optional: true

  '@rollup/rollup-android-arm64@4.62.0':
    optional: true

  '@rollup/rollup-darwin-arm64@4.62.0':
    optional: true

  '@rollup/rollup-darwin-x64@4.62.0':
    optional: true

  '@rollup/rollup-freebsd-arm64@4.62.0':
    optional: true

  '@rollup/rollup-freebsd-x64@4.62.0':
    optional: true

  '@rollup/rollup-linux-arm-gnueabihf@4.62.0':
    optional: true

  '@rollup/rollup-linux-arm-musleabihf@4.62.0':
    optional: true

  '@rollup/rollup-linux-arm64-gnu@4.62.0':
    optional: true

  '@rollup/rollup-linux-arm64-musl@4.62.0':
    optional: true

  '@rollup/rollup-linux-loong64-gnu@4.62.0':
    optional: true

  '@rollup/rollup-linux-loong64-musl@4.62.0':
    optional: true

  '@rollup/rollup-linux-ppc64-gnu@4.62.0':
    optional: true

  '@rollup/rollup-linux-ppc64-musl@4.62.0':
    optional: true

  '@rollup/rollup-linux-riscv64-gnu@4.62.0':
    optional: true

  '@rollup/rollup-linux-riscv64-musl@4.62.0':
    optional: true

  '@rollup/rollup-linux-s390x-gnu@4.62.0':
    optional: true

  '@rollup/rollup-linux-x64-gnu@4.62.0':
    optional: true

  '@rollup/rollup-linux-x64-musl@4.62.0':
    optional: true

  '@rollup/rollup-openbsd-x64@4.62.0':
    optional: true

  '@rollup/rollup-openharmony-arm64@4.62.0':
    optional: true

  '@rollup/rollup-win32-arm64-msvc@4.62.0':
    optional: true

  '@rollup/rollup-win32-ia32-msvc@4.62.0':
    optional: true

  '@rollup/rollup-win32-x64-gnu@4.62.0':
    optional: true

  '@rollup/rollup-win32-x64-msvc@4.62.0':
    optional: true

  '@shikijs/core@1.13.0':
    dependencies:
      '@types/hast': 3.0.4

  '@shikijs/transformers@1.13.0':
    dependencies:
      shiki: 1.13.0

  '@types/estree@1.0.9': {}

  '@types/hast@3.0.4':
    dependencies:
      '@types/unist': 3.0.3

  '@types/linkify-it@5.0.0': {}

  '@types/markdown-it@14.1.2':
    dependencies:
      '@types/linkify-it': 5.0.0
      '@types/mdurl': 2.0.0

  '@types/mdurl@2.0.0': {}

  '@types/unist@3.0.3': {}

  '@types/web-bluetooth@0.0.20': {}

  '@vitejs/plugin-vue@5.1.2(vite@5.4.1)(vue@3.5.38)':
    dependencies:
      vite: 5.4.1
      vue: 3.5.38

  '@vue/compiler-core@3.5.38':
    dependencies:
      '@babel/parser': 7.29.7
      '@vue/shared': 3.5.38
      entities: 7.0.1
      estree-walker: 2.0.2
      source-map-js: 1.2.1

  '@vue/compiler-dom@3.5.38':
    dependencies:
      '@vue/compiler-core': 3.5.38
      '@vue/shared': 3.5.38

  '@vue/compiler-sfc@3.5.38':
    dependencies:
      '@babel/parser': 7.29.7
      '@vue/compiler-core': 3.5.38
      '@vue/compiler-dom': 3.5.38
      '@vue/compiler-ssr': 3.5.38
      '@vue/shared': 3.5.38
      estree-walker: 2.0.2
      magic-string: 0.30.21
      postcss: 8.5.15
      source-map-js: 1.2.1

  '@vue/compiler-ssr@3.5.38':
    dependencies:
      '@vue/compiler-dom': 3.5.38
      '@vue/shared': 3.5.38

  '@vue/devtools-api@7.3.8':
    dependencies:
      '@vue/devtools-kit': 7.3.8

  '@vue/devtools-kit@7.3.8':
    dependencies:
      '@vue/devtools-shared': 7.3.8
      birpc: 0.2.17
      hookable: 5.5.3
      mitt: 3.0.1
      perfect-debounce: 1.0.0
      speakingurl: 14.0.1
      superjson: 2.2.6

  '@vue/devtools-shared@7.3.8':
    dependencies:
      rfdc: 1.4.1

  '@vue/reactivity@3.5.38':
    dependencies:
      '@vue/shared': 3.5.38

  '@vue/runtime-core@3.5.38':
    dependencies:
      '@vue/reactivity': 3.5.38
      '@vue/shared': 3.5.38

  '@vue/runtime-dom@3.5.38':
    dependencies:
      '@vue/reactivity': 3.5.38
      '@vue/runtime-core': 3.5.38
      '@vue/shared': 3.5.38
      csstype: 3.2.3

  '@vue/server-renderer@3.5.38(vue@3.5.38)':
    dependencies:
      '@vue/compiler-ssr': 3.5.38
      '@vue/shared': 3.5.38
      vue: 3.5.38

  '@vue/shared@3.5.38': {}

  '@vueuse/core@11.0.0(vue@3.5.38)':
    dependencies:
      '@types/web-bluetooth': 0.0.20
      '@vueuse/metadata': 11.0.0
      '@vueuse/shared': 11.0.0(vue@3.5.38)
      vue-demi: 0.14.10(vue@3.5.38)
    transitivePeerDependencies:
      - '@vue/composition-api'
      - vue

  '@vueuse/integrations@11.0.0(focus-trap@7.8.0)(vue@3.5.38)':
    dependencies:
      '@vueuse/core': 11.0.0(vue@3.5.38)
      '@vueuse/shared': 11.0.0(vue@3.5.38)
      vue-demi: 0.14.10(vue@3.5.38)
    optionalDependencies:
      focus-trap: 7.8.0
    transitivePeerDependencies:
      - '@vue/composition-api'
      - vue

  '@vueuse/metadata@11.0.0': {}

  '@vueuse/shared@11.0.0(vue@3.5.38)':
    dependencies:
      vue-demi: 0.14.10(vue@3.5.38)
    transitivePeerDependencies:
      - '@vue/composition-api'
      - vue

  algoliasearch@4.27.0:
    dependencies:
      '@algolia/cache-browser-local-storage': 4.27.0
      '@algolia/cache-common': 4.27.0
      '@algolia/cache-in-memory': 4.27.0
      '@algolia/client-account': 4.27.0
      '@algolia/client-analytics': 4.27.0
      '@algolia/client-common': 4.27.0
      '@algolia/client-personalization': 4.27.0
      '@algolia/client-search': 4.27.0
      '@algolia/logger-common': 4.27.0
      '@algolia/logger-console': 4.27.0
      '@algolia/recommend': 4.27.0
      '@algolia/requester-browser-xhr': 4.27.0
      '@algolia/requester-common': 4.27.0
      '@algolia/requester-node-http': 4.27.0
      '@algolia/transporter': 4.27.0

  birpc@0.2.17: {}

  copy-anything@4.0.5:
    dependencies:
      is-what: 5.5.0

  csstype@3.2.3: {}

  entities@7.0.1: {}

  esbuild@0.21.3:
    optionalDependencies:
      '@esbuild/aix-ppc64': 0.21.3
      '@esbuild/android-arm': 0.21.3
      '@esbuild/android-arm64': 0.21.3
      '@esbuild/android-x64': 0.21.3
      '@esbuild/darwin-arm64': 0.21.3
      '@esbuild/darwin-x64': 0.21.3
      '@esbuild/freebsd-arm64': 0.21.3
      '@esbuild/freebsd-x64': 0.21.3
      '@esbuild/linux-arm': 0.21.3
      '@esbuild/linux-arm64': 0.21.3
      '@esbuild/linux-ia32': 0.21.3
      '@esbuild/linux-loong64': 0.21.3
      '@esbuild/linux-mips64el': 0.21.3
      '@esbuild/linux-ppc64': 0.21.3
      '@esbuild/linux-riscv64': 0.21.3
      '@esbuild/linux-s390x': 0.21.3
      '@esbuild/linux-x64': 0.21.3
      '@esbuild/netbsd-x64': 0.21.3
      '@esbuild/openbsd-x64': 0.21.3
      '@esbuild/sunos-x64': 0.21.3
      '@esbuild/win32-arm64': 0.21.3
      '@esbuild/win32-ia32': 0.21.3
      '@esbuild/win32-x64': 0.21.3

  estree-walker@2.0.2: {}

  focus-trap@7.8.0:
    dependencies:
      tabbable: 6.4.0

  fsevents@2.3.3:
    optional: true

  hookable@5.5.3: {}

  is-what@5.5.0: {}

  magic-string@0.30.21:
    dependencies:
      '@jridgewell/sourcemap-codec': 1.5.5

  mark.js@8.11.1: {}

  minisearch@7.2.0: {}

  mitt@3.0.1: {}

  nanoid@3.3.12: {}

  perfect-debounce@1.0.0: {}

  picocolors@1.1.1: {}

  postcss@8.5.15:
    dependencies:
      nanoid: 3.3.12
      picocolors: 1.1.1
      source-map-js: 1.2.1

  preact@10.29.2: {}

  rfdc@1.4.1: {}

  rollup@4.62.0:
    dependencies:
      '@types/estree': 1.0.9
    optionalDependencies:
      '@rollup/rollup-android-arm-eabi': 4.62.0
      '@rollup/rollup-android-arm64': 4.62.0
      '@rollup/rollup-darwin-arm64': 4.62.0
      '@rollup/rollup-darwin-x64': 4.62.0
      '@rollup/rollup-freebsd-arm64': 4.62.0
      '@rollup/rollup-freebsd-x64': 4.62.0
      '@rollup/rollup-linux-arm-gnueabihf': 4.62.0
      '@rollup/rollup-linux-arm-musleabihf': 4.62.0
      '@rollup/rollup-linux-arm64-gnu': 4.62.0
      '@rollup/rollup-linux-arm64-musl': 4.62.0
      '@rollup/rollup-linux-loong64-gnu': 4.62.0
      '@rollup/rollup-linux-loong64-musl': 4.62.0
      '@rollup/rollup-linux-ppc64-gnu': 4.62.0
      '@rollup/rollup-linux-ppc64-musl': 4.62.0
      '@rollup/rollup-linux-riscv64-gnu': 4.62.0
      '@rollup/rollup-linux-riscv64-musl': 4.62.0
      '@rollup/rollup-linux-s390x-gnu': 4.62.0
      '@rollup/rollup-linux-x64-gnu': 4.62.0
      '@rollup/rollup-linux-x64-musl': 4.62.0
      '@rollup/rollup-openbsd-x64': 4.62.0
      '@rollup/rollup-openharmony-arm64': 4.62.0
      '@rollup/rollup-win32-arm64-msvc': 4.62.0
      '@rollup/rollup-win32-ia32-msvc': 4.62.0
      '@rollup/rollup-win32-x64-gnu': 4.62.0
      '@rollup/rollup-win32-x64-msvc': 4.62.0
      fsevents: 2.3.3

  search-insights@2.17.3: {}

  shiki@1.13.0:
    dependencies:
      '@shikijs/core': 1.13.0
      '@types/hast': 3.0.4

  source-map-js@1.2.1: {}

  speakingurl@14.0.1: {}

  superjson@2.2.6:
    dependencies:
      copy-anything: 4.0.5

  tabbable@6.4.0: {}

  vite@5.4.1:
    dependencies:
      esbuild: 0.21.3
      postcss: 8.5.15
      rollup: 4.62.0
    optionalDependencies:
      fsevents: 2.3.3

  vitepress@1.3.4(@algolia/client-search@4.27.0)(postcss@8.5.15)(search-insights@2.17.3):
    dependencies:
      '@docsearch/css': 3.6.1
      '@docsearch/js': 3.6.1(@algolia/client-search@4.27.0)(search-insights@2.17.3)
      '@shikijs/core': 1.13.0
      '@shikijs/transformers': 1.13.0
      '@types/markdown-it': 14.1.2
      '@vitejs/plugin-vue': 5.1.2(vite@5.4.1)(vue@3.5.38)
      '@vue/devtools-api': 7.3.8
      '@vue/shared': 3.5.38
      '@vueuse/core': 11.0.0(vue@3.5.38)
      '@vueuse/integrations': 11.0.0(focus-trap@7.8.0)(vue@3.5.38)
      focus-trap: 7.8.0
      mark.js: 8.11.1
      minisearch: 7.2.0
      shiki: 1.13.0
      vite: 5.4.1
      vue: 3.5.38
    optionalDependencies:
      postcss: 8.5.15
    transitivePeerDependencies:
      - '@algolia/client-search'
      - '@types/node'
      - '@types/react'
      - '@vue/composition-api'
      - async-validator
      - axios
      - change-case
      - drauu
      - fuse.js
      - idb-keyval
      - jwt-decode
      - less
      - lightningcss
      - nprogress
      - qrcode
      - react
      - react-dom
      - sass
      - sass-embedded
      - search-insights
      - sortablejs
      - stylus
      - sugarss
      - terser
      - typescript
      - universal-cookie

  vue-demi@0.14.10(vue@3.5.38):
    dependencies:
      vue: 3.5.38

  vue@3.5.38:
    dependencies:
      '@vue/compiler-dom': 3.5.38
      '@vue/compiler-sfc': 3.5.38
      '@vue/runtime-dom': 3.5.38
      '@vue/server-renderer': 3.5.38(vue@3.5.38)
      '@vue/shared': 3.5.38
